{
    "_readme": [
        "This file locks the dependencies of your project to a known state",
        "Read more about it at https://getcomposer.org/doc/01-basic-usage.md#composer-lock-the-lock-file",
        "This file is @generated automatically"
    ],
    "hash": "31dd6f65754228876e0ae297d059e35f",
    "packages": [
        {
            "name": "nicmart/tree",
            "version": "v0.2.5",
            "source": {
                "type": "git",
                "url": "https://github.com/nicmart/Tree.git",
                "reference": "982bf9518dd7a407f8141cc334fc1e544aea2dea"
            },
            "dist": {
                "type": "zip",
                "url": "https://api.github.com/repos/nicmart/Tree/zipball/982bf9518dd7a407f8141cc334fc1e544aea2dea",
                "reference": "982bf9518dd7a407f8141cc334fc1e544aea2dea",
                "shasum": ""
            },
            "require": {
                "php": ">=5.4"
            },
            "type": "library",
            "autoload": {
                "psr-0": {
                    "Tree": "src/",
                    "Tree\\Test": "tests"
                }
            },
            "notification-url": "https://packagist.org/downloads/",
            "license": [
                "MIT"
            ],
            "authors": [
                {
                    "name": "Nicolò Martini",
                    "email": "nicmartnic@gmail.com"
                }
            ],
            "description": "A basic but flexible php tree data structure and a fluent tree builder implementation.",
            "time": "2015-02-10 19:14:00"
        }
    ],
    "packages-dev": [],
    "aliases": [],
    "minimum-stability": "stable",
    "stability-flags": [],
    "prefer-stable": false,
    "prefer-lowest": false,
    "platform": [],
    "platform-dev": []
}
